
Microsoft Visual Studio Solution File, Format Version 12.00
# Visual Studio Version 16
VisualStudioVersion = 16.0.31205.134
MinimumVisualStudioVersion = 10.0.40219.1
Project("{9A19103F-16F7-4668-BE54-9A1E7A4F7556}") = "TurHelper", "TurHelper.csproj", "{0DF21E69-A5FD-4690-AE96-683FBE9B4D2A}"
EndProject
Project("{FAE04EC0-301F-11D3-BF4B-00C04F79EFBC}") = "DAUnitTests", "..\DAUnitTests\DAUnitTests.csproj", "{D248031C-34D5-4C95-9D9A-39FB5F361DB6}"
EndProject
Project("{FAE04EC0-301F-11D3-BF4B-00C04F79EFBC}") = "BLUnitTests", "..\BLUnitTests\BLUnitTests.csproj", "{D979E482-7AD2-4730-A531-6E90AB112313}"
EndProject
Global
	GlobalSection(SolutionConfigurationPlatforms) = preSolution
		Debug|Any CPU = Debug|Any CPU
		Release|Any CPU = Release|Any CPU
	EndGlobalSection
	GlobalSection(ProjectConfigurationPlatforms) = postSolution
		{0DF21E69-A5FD-4690-AE96-683FBE9B4D2A}.Debug|Any CPU.ActiveCfg = Debug|Any CPU
		{0DF21E69-A5FD-4690-AE96-683FBE9B4D2A}.Debug|Any CPU.Build.0 = Debug|Any CPU
		{0DF21E69-A5FD-4690-AE96-683FBE9B4D2A}.Release|Any CPU.ActiveCfg = Release|Any CPU
		{0DF21E69-A5FD-4690-AE96-683FBE9B4D2A}.Release|Any CPU.Build.0 = Release|Any CPU
		{D248031C-34D5-4C95-9D9A-39FB5F361DB6}.Debug|Any CPU.ActiveCfg = Debug|Any CPU
		{D248031C-34D5-4C95-9D9A-39FB5F361DB6}.Debug|Any CPU.Build.0 = Debug|Any CPU
		{D248031C-34D5-4C95-9D9A-39FB5F361DB6}.Release|Any CPU.ActiveCfg = Release|Any CPU
		{D248031C-34D5-4C95-9D9A-39FB5F361DB6}.Release|Any CPU.Build.0 = Release|Any CPU
		{D979E482-7AD2-4730-A531-6E90AB112313}.Debug|Any CPU.ActiveCfg = Debug|Any CPU
		{D979E482-7AD2-4730-A531-6E90AB112313}.Debug|Any CPU.Build.0 = Debug|Any CPU
		{D979E482-7AD2-4730-A531-6E90AB112313}.Release|Any CPU.ActiveCfg = Release|Any CPU
		{D979E482-7AD2-4730-A531-6E90AB112313}.Release|Any CPU.Build.0 = Release|Any CPU
	EndGlobalSection
	GlobalSection(SolutionProperties) = preSolution
		HideSolutionNode = FALSE
	EndGlobalSection
	GlobalSection(ExtensibilityGlobals) = postSolution
		SolutionGuid = {F7470FDA-3BCF-4101-9641-EC75D3962FB0}
	EndGlobalSection
EndGlobal
